
Microsoft Visual Studio Solution File, Format Version 12.00
# Visual Studio 15
VisualStudioVersion = 15.0.27703.2047
MinimumVisualStudioVersion = 10.0.40219.1
Project("{FAE04EC0-301F-11D3-BF4B-00C04F79EFBC}") = "DotNetSgPhotos", "DotNetSgPhotos\DotNetSgPhotos.csproj", "{5F876262-D845-4126-8830-559D8466048A}"
EndProject
Global
	GlobalSection(SolutionConfigurationPlatforms) = preSolution
		Debug|Any CPU = Debug|Any CPU
		Release|Any CPU = Release|Any CPU
	EndGlobalSection
	GlobalSection(ProjectConfigurationPlatforms) = postSolution
		{5F876262-D845-4126-8830-559D8466048A}.Debug|Any CPU.ActiveCfg = Debug|Any CPU
		{5F876262-D845-4126-8830-559D8466048A}.Debug|Any CPU.Build.0 = Debug|Any CPU
		{5F876262-D845-4126-8830-559D8466048A}.Release|Any CPU.ActiveCfg = Release|Any CPU
		{5F876262-D845-4126-8830-559D8466048A}.Release|Any CPU.Build.0 = Release|Any CPU
	EndGlobalSection
	GlobalSection(SolutionProperties) = preSolution
		HideSolutionNode = FALSE
	EndGlobalSection
	GlobalSection(ExtensibilityGlobals) = postSolution
		SolutionGuid = {A8076C1C-F06F-446F-AF90-69137ED4CFDA}
	EndGlobalSection
EndGlobal
